{
  "version": 4,
  "terraform_version": "1.11.4",
  "serial": 37,
  "lineage": "47457099-ffc5-4c36-6689-df2351e16581",
  "outputs": {
    "master_node_public_ip": {
      "value": "3.80.58.46",
      "type": "string"
    },
    "worker_node_public_ip": {
      "value": "3.88.106.172",
      "type": "string"
    }
  },
  "resources": [
    {
      "mode": "data",
      "type": "aws_ami",
      "name": "ubuntu_22_04",
      "provider": "provider[\"registry.terraform.io/hashicorp/aws\"]",
      "instances": [
        {
          "schema_version": 0,
          "attributes": {
            "architecture": "x86_64",
            "arn": "arn:aws:ec2:us-east-1::image/ami-0655cec52acf2717b",
            "block_device_mappings": [
              {
                "device_name": "/dev/sda1",
                "ebs": {
                  "delete_on_termination": "true",
                  "encrypted": "false",
                  "iops": "0",
                  "snapshot_id": "snap-0ea0715c3204157c8",
                  "throughput": "0",
                  "volume_size": "8",
                  "volume_type": "gp2"
                },
                "no_device": "",
                "virtual_name": ""
              },
              {
                "device_name": "/dev/sdb",
                "ebs": {},
                "no_device": "",
                "virtual_name": "ephemeral0"
              },
              {
                "device_name": "/dev/sdc",
                "ebs": {},
                "no_device": "",
                "virtual_name": "ephemeral1"
              }
            ],
            "boot_mode": "uefi-preferred",
            "creation_date": "2025-03-27T06:52:03.000Z",
            "deprecation_time": "2027-03-27T06:52:03.000Z",
            "description": "Canonical, Ubuntu, 22.04, amd64 jammy image",
            "ena_support": true,
            "executable_users": null,
            "filter": [
              {
                "name": "name",
                "values": [
                  "ubuntu/images/hvm-ssd/ubuntu-jammy-22.04-amd64-server-*"
                ]
              },
              {
                "name": "virtualization-type",
                "values": [
                  "hvm"
                ]
              }
            ],
            "hypervisor": "xen",
            "id": "ami-0655cec52acf2717b",
            "image_id": "ami-0655cec52acf2717b",
            "image_location": "amazon/ubuntu/images/hvm-ssd/ubuntu-jammy-22.04-amd64-server-20250327",
            "image_owner_alias": "amazon",
            "image_type": "machine",
            "imds_support": "",
            "include_deprecated": false,
            "kernel_id": "",
            "last_launched_time": "",
            "most_recent": true,
            "name": "ubuntu/images/hvm-ssd/ubuntu-jammy-22.04-amd64-server-20250327",
            "name_regex": null,
            "owner_id": "099720109477",
            "owners": [
              "099720109477"
            ],
            "platform": "",
            "platform_details": "Linux/UNIX",
            "product_codes": [],
            "public": true,
            "ramdisk_id": "",
            "root_device_name": "/dev/sda1",
            "root_device_type": "ebs",
            "root_snapshot_id": "snap-0ea0715c3204157c8",
            "sriov_net_support": "simple",
            "state": "available",
            "state_reason": {
              "code": "UNSET",
              "message": "UNSET"
            },
            "tags": {},
            "timeouts": null,
            "tpm_support": "",
            "uefi_data": null,
            "usage_operation": "RunInstances",
            "virtualization_type": "hvm"
          },
          "sensitive_attributes": []
        }
      ]
    },
    {
      "mode": "managed",
      "type": "aws_iam_instance_profile",
      "name": "k8s_master_profile1",
      "provider": "provider[\"registry.terraform.io/hashicorp/aws\"]",
      "instances": [
        {
          "schema_version": 0,
          "attributes": {
            "arn": "arn:aws:iam::796315862850:instance-profile/k8s-cluster-iam-master-profile1",
            "create_date": "2025-04-15T11:57:54Z",
            "id": "k8s-cluster-iam-master-profile1",
            "name": "k8s-cluster-iam-master-profile1",
            "name_prefix": "",
            "path": "/",
            "role": "k8s-cluster-iam-master-role2",
            "tags": null,
            "tags_all": {},
            "unique_id": "AIPA3S2A7Y5BIK2EV5T7I"
          },
          "sensitive_attributes": [],
          "private": "bnVsbA==",
          "dependencies": [
            "aws_iam_role.k8s_master_role2"
          ]
        }
      ]
    },
    {
      "mode": "managed",
      "type": "aws_iam_instance_profile",
      "name": "k8s_worker_profile1",
      "provider": "provider[\"registry.terraform.io/hashicorp/aws\"]",
      "instances": [
        {
          "schema_version": 0,
          "attributes": {
            "arn": "arn:aws:iam::796315862850:instance-profile/k8s-cluster-iam-worker-profile1",
            "create_date": "2025-04-15T11:57:54Z",
            "id": "k8s-cluster-iam-worker-profile1",
            "name": "k8s-cluster-iam-worker-profile1",
            "name_prefix": "",
            "path": "/",
            "role": "k8s-cluster-iam-worker-role1",
            "tags": null,
            "tags_all": {},
            "unique_id": "AIPA3S2A7Y5BPQC2TDQAG"
          },
          "sensitive_attributes": [],
          "private": "bnVsbA==",
          "dependencies": [
            "aws_iam_role.k8s_worker_role1"
          ]
        }
      ]
    },
    {
      "mode": "managed",
      "type": "aws_iam_instance_profile",
      "name": "k8s_worker_profile2",
      "provider": "provider[\"registry.terraform.io/hashicorp/aws\"]",
      "instances": [
        {
          "schema_version": 0,
          "attributes": {
            "arn": "arn:aws:iam::796315862850:instance-profile/k8s-cluster-iam-worker-profile2",
            "create_date": "2025-04-15T11:57:54Z",
            "id": "k8s-cluster-iam-worker-profile2",
            "name": "k8s-cluster-iam-worker-profile2",
            "name_prefix": "",
            "path": "/",
            "role": "k8s-cluster-iam-worker-role2",
            "tags": null,
            "tags_all": {},
            "unique_id": "AIPA3S2A7Y5BGV5JUR3CG"
          },
          "sensitive_attributes": [],
          "private": "bnVsbA==",
          "dependencies": [
            "aws_iam_role.k8s_worker_role2"
          ]
        }
      ]
    },
    {
      "mode": "managed",
      "type": "aws_iam_policy",
      "name": "k8s_master_policy1",
      "provider": "provider[\"registry.terraform.io/hashicorp/aws\"]",
      "instances": [
        {
          "schema_version": 0,
          "attributes": {
            "arn": "arn:aws:iam::796315862850:policy/k8s-cluster-iam-master-policy1",
            "attachment_count": 0,
            "description": "IAM Policy for Kubernetes Master Node",
            "id": "arn:aws:iam::796315862850:policy/k8s-cluster-iam-master-policy1",
            "name": "k8s-cluster-iam-master-policy1",
            "name_prefix": "",
            "path": "/",
            "policy": "{\"Statement\":[{\"Action\":[\"autoscaling:DescribeAutoScalingGroups\",\"autoscaling:DescribeLaunchConfigurations\",\"autoscaling:DescribeTags\",\"ec2:DescribeInstances\",\"ec2:DescribeRegions\",\"ec2:DescribeRouteTables\",\"ec2:DescribeSecurityGroups\",\"ec2:DescribeSubnets\",\"ec2:DescribeVolumes\",\"ec2:CreateSecurityGroup\",\"ec2:CreateTags\",\"ec2:CreateVolume\",\"ec2:ModifyInstanceAttribute\",\"ec2:ModifyVolume\",\"ec2:AttachVolume\",\"ec2:AuthorizeSecurityGroupIngress\",\"ec2:CreateRoute\",\"ec2:DeleteRoute\",\"ec2:DeleteSecurityGroup\",\"ec2:DeleteVolume\",\"ec2:DetachVolume\",\"ec2:RevokeSecurityGroupIngress\",\"ec2:DescribeVpcs\",\"elasticloadbalancing:AddTags\",\"elasticloadbalancing:AttachLoadBalancerToSubnets\",\"elasticloadbalancing:ApplySecurityGroupsToLoadBalancer\",\"elasticloadbalancing:CreateLoadBalancer\",\"elasticloadbalancing:CreateLoadBalancerPolicy\",\"elasticloadbalancing:CreateLoadBalancerListeners\",\"elasticloadbalancing:ConfigureHealthCheck\",\"elasticloadbalancing:DeleteLoadBalancer\",\"elasticloadbalancing:DeleteLoadBalancerListeners\",\"elasticloadbalancing:DescribeLoadBalancers\",\"elasticloadbalancing:DescribeLoadBalancerAttributes\",\"elasticloadbalancing:DetachLoadBalancerFromSubnets\",\"elasticloadbalancing:DeregisterInstancesFromLoadBalancer\",\"elasticloadbalancing:ModifyLoadBalancerAttributes\",\"elasticloadbalancing:RegisterInstancesWithLoadBalancer\",\"elasticloadbalancing:SetLoadBalancerPoliciesForBackendServer\",\"elasticloadbalancing:AddTags\",\"elasticloadbalancing:CreateListener\",\"elasticloadbalancing:CreateTargetGroup\",\"elasticloadbalancing:DeleteListener\",\"elasticloadbalancing:DeleteTargetGroup\",\"elasticloadbalancing:DescribeListeners\",\"elasticloadbalancing:DescribeLoadBalancerPolicies\",\"elasticloadbalancing:DescribeTargetGroups\",\"elasticloadbalancing:DescribeTargetHealth\",\"elasticloadbalancing:ModifyListener\",\"elasticloadbalancing:ModifyTargetGroup\",\"elasticloadbalancing:RegisterTargets\",\"elasticloadbalancing:SetLoadBalancerPoliciesOfListener\",\"iam:CreateServiceLinkedRole\",\"kms:DescribeKey\"],\"Effect\":\"Allow\",\"Resource\":[\"*\"]}],\"Version\":\"2012-10-17\"}",
            "policy_id": "ANPA3S2A7Y5BEVLFBVG4X",
            "tags": null,
            "tags_all": {}
          },
          "sensitive_attributes": [],
          "private": "bnVsbA=="
        }
      ]
    },
    {
      "mode": "managed",
      "type": "aws_iam_policy",
      "name": "k8s_worker_policy1",
      "provider": "provider[\"registry.terraform.io/hashicorp/aws\"]",
      "instances": [
        {
          "schema_version": 0,
          "attributes": {
            "arn": "arn:aws:iam::796315862850:policy/k8s-cluster-iam-worker-policy1",
            "attachment_count": 0,
            "description": "IAM Policy for Kubernetes Worker Node",
            "id": "arn:aws:iam::796315862850:policy/k8s-cluster-iam-worker-policy1",
            "name": "k8s-cluster-iam-worker-policy1",
            "name_prefix": "",
            "path": "/",
            "policy": "{\"Statement\":[{\"Action\":[\"ec2:DescribeInstances\",\"ec2:DescribeRegions\",\"ecr:GetAuthorizationToken\",\"ecr:BatchCheckLayerAvailability\",\"ecr:GetDownloadUrlForLayer\",\"ecr:GetRepositoryPolicy\",\"ecr:DescribeRepositories\",\"ecr:ListImages\",\"ecr:BatchGetImage\"],\"Effect\":\"Allow\",\"Resource\":\"*\"}],\"Version\":\"2012-10-17\"}",
            "policy_id": "ANPA3S2A7Y5BBSBEBJ36N",
            "tags": null,
            "tags_all": {}
          },
          "sensitive_attributes": [],
          "private": "bnVsbA=="
        }
      ]
    },
    {
      "mode": "managed",
      "type": "aws_iam_policy",
      "name": "k8s_worker_policy2",
      "provider": "provider[\"registry.terraform.io/hashicorp/aws\"]",
      "instances": [
        {
          "schema_version": 0,
          "attributes": {
            "arn": "arn:aws:iam::796315862850:policy/k8s-cluster-iam-worker-policy2",
            "attachment_count": 0,
            "description": "IAM Policy for Kubernetes Worker Node2",
            "id": "arn:aws:iam::796315862850:policy/k8s-cluster-iam-worker-policy2",
            "name": "k8s-cluster-iam-worker-policy2",
            "name_prefix": "",
            "path": "/",
            "policy": "{\"Statement\":[{\"Action\":[\"ec2:DescribeInstances\",\"ec2:DescribeRegions\",\"ecr:GetAuthorizationToken\",\"ecr:BatchCheckLayerAvailability\",\"ecr:GetDownloadUrlForLayer\",\"ecr:GetRepositoryPolicy\",\"ecr:DescribeRepositories\",\"ecr:ListImages\",\"ecr:BatchGetImage\"],\"Effect\":\"Allow\",\"Resource\":\"*\"}],\"Version\":\"2012-10-17\"}",
            "policy_id": "ANPA3S2A7Y5BHADUISPVX",
            "tags": null,
            "tags_all": {}
          },
          "sensitive_attributes": [],
          "private": "bnVsbA=="
        }
      ]
    },
    {
      "mode": "managed",
      "type": "aws_iam_role",
      "name": "k8s_master_role2",
      "provider": "provider[\"registry.terraform.io/hashicorp/aws\"]",
      "instances": [
        {
          "schema_version": 0,
          "attributes": {
            "arn": "arn:aws:iam::796315862850:role/k8s-cluster-iam-master-role2",
            "assume_role_policy": "{\"Statement\":[{\"Action\":\"sts:AssumeRole\",\"Effect\":\"Allow\",\"Principal\":{\"Service\":\"ec2.amazonaws.com\"}}],\"Version\":\"2012-10-17\"}",
            "create_date": "2025-04-15T11:57:54Z",
            "description": "",
            "force_detach_policies": false,
            "id": "k8s-cluster-iam-master-role2",
            "inline_policy": [],
            "managed_policy_arns": [],
            "max_session_duration": 3600,
            "name": "k8s-cluster-iam-master-role2",
            "name_prefix": "",
            "path": "/",
            "permissions_boundary": "",
            "tags": {
              "Name": "k8s-master-role"
            },
            "tags_all": {
              "Name": "k8s-master-role"
            },
            "unique_id": "AROA3S2A7Y5BKD57O7BER"
          },
          "sensitive_attributes": [],
          "private": "bnVsbA=="
        }
      ]
    },
    {
      "mode": "managed",
      "type": "aws_iam_role",
      "name": "k8s_worker_role1",
      "provider": "provider[\"registry.terraform.io/hashicorp/aws\"]",
      "instances": [
        {
          "schema_version": 0,
          "attributes": {
            "arn": "arn:aws:iam::796315862850:role/k8s-cluster-iam-worker-role1",
            "assume_role_policy": "{\"Statement\":[{\"Action\":\"sts:AssumeRole\",\"Effect\":\"Allow\",\"Principal\":{\"Service\":\"ec2.amazonaws.com\"}}],\"Version\":\"2012-10-17\"}",
            "create_date": "2025-04-15T11:57:54Z",
            "description": "",
            "force_detach_policies": false,
            "id": "k8s-cluster-iam-worker-role1",
            "inline_policy": [],
            "managed_policy_arns": [],
            "max_session_duration": 3600,
            "name": "k8s-cluster-iam-worker-role1",
            "name_prefix": "",
            "path": "/",
            "permissions_boundary": "",
            "tags": {
              "Name": "k8s-worker-role"
            },
            "tags_all": {
              "Name": "k8s-worker-role"
            },
            "unique_id": "AROA3S2A7Y5BNHMDBQM2E"
          },
          "sensitive_attributes": [],
          "private": "bnVsbA=="
        }
      ]
    },
    {
      "mode": "managed",
      "type": "aws_iam_role",
      "name": "k8s_worker_role2",
      "provider": "provider[\"registry.terraform.io/hashicorp/aws\"]",
      "instances": [
        {
          "schema_version": 0,
          "attributes": {
            "arn": "arn:aws:iam::796315862850:role/k8s-cluster-iam-worker-role2",
            "assume_role_policy": "{\"Statement\":[{\"Action\":\"sts:AssumeRole\",\"Effect\":\"Allow\",\"Principal\":{\"Service\":\"ec2.amazonaws.com\"}}],\"Version\":\"2012-10-17\"}",
            "create_date": "2025-04-15T11:57:54Z",
            "description": "",
            "force_detach_policies": false,
            "id": "k8s-cluster-iam-worker-role2",
            "inline_policy": [],
            "managed_policy_arns": [],
            "max_session_duration": 3600,
            "name": "k8s-cluster-iam-worker-role2",
            "name_prefix": "",
            "path": "/",
            "permissions_boundary": "",
            "tags": {
              "Name": "k8s-worker-role"
            },
            "tags_all": {
              "Name": "k8s-worker-role"
            },
            "unique_id": "AROA3S2A7Y5BNOQU472O3"
          },
          "sensitive_attributes": [],
          "private": "bnVsbA=="
        }
      ]
    },
    {
      "mode": "managed",
      "type": "aws_iam_role_policy_attachment",
      "name": "attach_admin_access",
      "provider": "provider[\"registry.terraform.io/hashicorp/aws\"]",
      "instances": [
        {
          "schema_version": 0,
          "attributes": {
            "id": "k8s-cluster-iam-worker-role1-20250415115754335000000002",
            "policy_arn": "arn:aws:iam::aws:policy/AdministratorAccess",
            "role": "k8s-cluster-iam-worker-role1"
          },
          "sensitive_attributes": [],
          "private": "bnVsbA==",
          "dependencies": [
            "aws_iam_role.k8s_worker_role1"
          ]
        }
      ]
    },
    {
      "mode": "managed",
      "type": "aws_iam_role_policy_attachment",
      "name": "attach_admin_access2",
      "provider": "provider[\"registry.terraform.io/hashicorp/aws\"]",
      "instances": [
        {
          "schema_version": 0,
          "attributes": {
            "id": "k8s-cluster-iam-worker-role2-20250415115754339100000004",
            "policy_arn": "arn:aws:iam::aws:policy/AdministratorAccess",
            "role": "k8s-cluster-iam-worker-role2"
          },
          "sensitive_attributes": [],
          "private": "bnVsbA==",
          "dependencies": [
            "aws_iam_role.k8s_worker_role2"
          ]
        }
      ]
    },
    {
      "mode": "managed",
      "type": "aws_iam_role_policy_attachment",
      "name": "attach_ec2_full_access1",
      "provider": "provider[\"registry.terraform.io/hashicorp/aws\"]",
      "instances": [
        {
          "schema_version": 0,
          "attributes": {
            "id": "k8s-cluster-iam-worker-role1-20250415115754380200000005",
            "policy_arn": "arn:aws:iam::aws:policy/AmazonEC2FullAccess",
            "role": "k8s-cluster-iam-worker-role1"
          },
          "sensitive_attributes": [],
          "private": "bnVsbA==",
          "dependencies": [
            "aws_iam_role.k8s_worker_role1"
          ]
        }
      ]
    },
    {
      "mode": "managed",
      "type": "aws_iam_role_policy_attachment",
      "name": "attach_ec2_full_access2",
      "provider": "provider[\"registry.terraform.io/hashicorp/aws\"]",
      "instances": [
        {
          "schema_version": 0,
          "attributes": {
            "id": "k8s-cluster-iam-worker-role2-20250415115754338700000003",
            "policy_arn": "arn:aws:iam::aws:policy/AmazonEC2FullAccess",
            "role": "k8s-cluster-iam-worker-role2"
          },
          "sensitive_attributes": [],
          "private": "bnVsbA==",
          "dependencies": [
            "aws_iam_role.k8s_worker_role2"
          ]
        }
      ]
    },
    {
      "mode": "managed",
      "type": "aws_iam_role_policy_attachment",
      "name": "attach_master_policy",
      "provider": "provider[\"registry.terraform.io/hashicorp/aws\"]",
      "instances": [
        {
          "schema_version": 0,
          "attributes": {
            "id": "k8s-cluster-iam-master-role2-20250415115754455000000007",
            "policy_arn": "arn:aws:iam::796315862850:policy/k8s-cluster-iam-master-policy1",
            "role": "k8s-cluster-iam-master-role2"
          },
          "sensitive_attributes": [],
          "private": "bnVsbA==",
          "dependencies": [
            "aws_iam_policy.k8s_master_policy1",
            "aws_iam_role.k8s_master_role2"
          ]
        }
      ]
    },
    {
      "mode": "managed",
      "type": "aws_iam_role_policy_attachment",
      "name": "attach_worker_policy1",
      "provider": "provider[\"registry.terraform.io/hashicorp/aws\"]",
      "instances": [
        {
          "schema_version": 0,
          "attributes": {
            "id": "k8s-cluster-iam-worker-role1-20250415115754387400000006",
            "policy_arn": "arn:aws:iam::796315862850:policy/k8s-cluster-iam-worker-policy1",
            "role": "k8s-cluster-iam-worker-role1"
          },
          "sensitive_attributes": [],
          "private": "bnVsbA==",
          "dependencies": [
            "aws_iam_policy.k8s_worker_policy1",
            "aws_iam_role.k8s_worker_role1"
          ]
        }
      ]
    },
    {
      "mode": "managed",
      "type": "aws_iam_role_policy_attachment",
      "name": "attach_worker_policy2",
      "provider": "provider[\"registry.terraform.io/hashicorp/aws\"]",
      "instances": [
        {
          "schema_version": 0,
          "attributes": {
            "id": "k8s-cluster-iam-worker-role2-20250415115754333400000001",
            "policy_arn": "arn:aws:iam::796315862850:policy/k8s-cluster-iam-worker-policy2",
            "role": "k8s-cluster-iam-worker-role2"
          },
          "sensitive_attributes": [],
          "private": "bnVsbA==",
          "dependencies": [
            "aws_iam_policy.k8s_worker_policy2",
            "aws_iam_role.k8s_worker_role2"
          ]
        }
      ]
    },
    {
      "mode": "managed",
      "type": "aws_iam_role_policy_attachment",
      "name": "master_attach_admin_access",
      "provider": "provider[\"registry.terraform.io/hashicorp/aws\"]",
      "instances": [
        {
          "schema_version": 0,
          "attributes": {
            "id": "k8s-cluster-iam-master-role2-20250415115754455800000008",
            "policy_arn": "arn:aws:iam::aws:policy/AdministratorAccess",
            "role": "k8s-cluster-iam-master-role2"
          },
          "sensitive_attributes": [],
          "private": "bnVsbA==",
          "dependencies": [
            "aws_iam_role.k8s_master_role2"
          ]
        }
      ]
    },
    {
      "mode": "managed",
      "type": "aws_iam_role_policy_attachment",
      "name": "master_attach_ec2_full_access",
      "provider": "provider[\"registry.terraform.io/hashicorp/aws\"]",
      "instances": [
        {
          "schema_version": 0,
          "attributes": {
            "id": "k8s-cluster-iam-master-role2-20250415115754464400000009",
            "policy_arn": "arn:aws:iam::aws:policy/AmazonEC2FullAccess",
            "role": "k8s-cluster-iam-master-role2"
          },
          "sensitive_attributes": [],
          "private": "bnVsbA==",
          "dependencies": [
            "aws_iam_role.k8s_master_role2"
          ]
        }
      ]
    },
    {
      "mode": "managed",
      "type": "aws_instance",
      "name": "k8s_master",
      "provider": "provider[\"registry.terraform.io/hashicorp/aws\"]",
      "instances": [
        {
          "schema_version": 1,
          "attributes": {
            "ami": "ami-0655cec52acf2717b",
            "arn": "arn:aws:ec2:us-east-1:796315862850:instance/i-019b897d879563e3c",
            "associate_public_ip_address": true,
            "availability_zone": "us-east-1a",
            "capacity_reservation_specification": [
              {
                "capacity_reservation_preference": "open",
                "capacity_reservation_target": []
              }
            ],
            "cpu_core_count": 2,
            "cpu_options": [
              {
                "amd_sev_snp": "",
                "core_count": 2,
                "threads_per_core": 1
              }
            ],
            "cpu_threads_per_core": 1,
            "credit_specification": [
              {
                "cpu_credits": "standard"
              }
            ],
            "disable_api_stop": false,
            "disable_api_termination": false,
            "ebs_block_device": [],
            "ebs_optimized": false,
            "enable_primary_ipv6": null,
            "enclave_options": [
              {
                "enabled": false
              }
            ],
            "ephemeral_block_device": [],
            "get_password_data": false,
            "hibernation": false,
            "host_id": "",
            "host_resource_group_arn": null,
            "iam_instance_profile": "k8s-cluster-iam-master-profile1",
            "id": "i-019b897d879563e3c",
            "instance_initiated_shutdown_behavior": "stop",
            "instance_lifecycle": "",
            "instance_market_options": [],
            "instance_state": "running",
            "instance_type": "t2.medium",
            "ipv6_address_count": 0,
            "ipv6_addresses": [],
            "key_name": "k8s-key",
            "launch_template": [],
            "maintenance_options": [
              {
                "auto_recovery": "default"
              }
            ],
            "metadata_options": [
              {
                "http_endpoint": "enabled",
                "http_protocol_ipv6": "disabled",
                "http_put_response_hop_limit": 1,
                "http_tokens": "optional",
                "instance_metadata_tags": "disabled"
              }
            ],
            "monitoring": false,
            "network_interface": [],
            "outpost_arn": "",
            "password_data": "",
            "placement_group": "",
            "placement_partition_number": 0,
            "primary_network_interface_id": "eni-01fdec79a0ebe065c",
            "private_dns": "ip-10-0-0-4.ec2.internal",
            "private_dns_name_options": [
              {
                "enable_resource_name_dns_a_record": false,
                "enable_resource_name_dns_aaaa_record": false,
                "hostname_type": "ip-name"
              }
            ],
            "private_ip": "10.0.0.4",
            "public_dns": "ec2-3-80-58-46.compute-1.amazonaws.com",
            "public_ip": "3.80.58.46",
            "root_block_device": [
              {
                "delete_on_termination": true,
                "device_name": "/dev/sda1",
                "encrypted": false,
                "iops": 100,
                "kms_key_id": "",
                "tags": {},
                "tags_all": {},
                "throughput": 0,
                "volume_id": "vol-066a5cab03e14633d",
                "volume_size": 8,
                "volume_type": "gp2"
              }
            ],
            "secondary_private_ips": [],
            "security_groups": [],
            "source_dest_check": true,
            "spot_instance_request_id": "",
            "subnet_id": "subnet-0633447073804d57d",
            "tags": {
              "Name": "Master",
              "kubernetes.io/cluster/kubernetes": "owned"
            },
            "tags_all": {
              "Name": "Master",
              "kubernetes.io/cluster/kubernetes": "owned"
            },
            "tenancy": "default",
            "timeouts": null,
            "user_data": null,
            "user_data_base64": null,
            "user_data_replace_on_change": false,
            "volume_tags": null,
            "vpc_security_group_ids": [
              "sg-0b03033df008b5869"
            ]
          },
          "sensitive_attributes": [],
          "private": "eyJlMmJmYjczMC1lY2FhLTExZTYtOGY4OC0zNDM2M2JjN2M0YzAiOnsiY3JlYXRlIjo2MDAwMDAwMDAwMDAsImRlbGV0ZSI6MTIwMDAwMDAwMDAwMCwicmVhZCI6OTAwMDAwMDAwMDAwLCJ1cGRhdGUiOjYwMDAwMDAwMDAwMH0sInNjaGVtYV92ZXJzaW9uIjoiMSJ9",
          "dependencies": [
            "aws_iam_instance_profile.k8s_master_profile1",
            "aws_iam_role.k8s_master_role2",
            "aws_key_pair.k8s_key_pair",
            "aws_security_group.k8s_sg",
            "aws_subnet.k8s_subnet",
            "aws_vpc.k8s_vpc",
            "data.aws_ami.ubuntu_22_04",
            "tls_private_key.k8s_ssh_key"
          ]
        }
      ]
    },
    {
      "mode": "managed",
      "type": "aws_instance",
      "name": "k8s_worker",
      "provider": "provider[\"registry.terraform.io/hashicorp/aws\"]",
      "instances": [
        {
          "schema_version": 1,
          "attributes": {
            "ami": "ami-0655cec52acf2717b",
            "arn": "arn:aws:ec2:us-east-1:796315862850:instance/i-043b00b6ab1cc1c8b",
            "associate_public_ip_address": true,
            "availability_zone": "us-east-1a",
            "capacity_reservation_specification": [
              {
                "capacity_reservation_preference": "open",
                "capacity_reservation_target": []
              }
            ],
            "cpu_core_count": 2,
            "cpu_options": [
              {
                "amd_sev_snp": "",
                "core_count": 2,
                "threads_per_core": 1
              }
            ],
            "cpu_threads_per_core": 1,
            "credit_specification": [
              {
                "cpu_credits": "standard"
              }
            ],
            "disable_api_stop": false,
            "disable_api_termination": false,
            "ebs_block_device": [],
            "ebs_optimized": false,
            "enable_primary_ipv6": null,
            "enclave_options": [
              {
                "enabled": false
              }
            ],
            "ephemeral_block_device": [],
            "get_password_data": false,
            "hibernation": false,
            "host_id": "",
            "host_resource_group_arn": null,
            "iam_instance_profile": "k8s-cluster-iam-worker-profile1",
            "id": "i-043b00b6ab1cc1c8b",
            "instance_initiated_shutdown_behavior": "stop",
            "instance_lifecycle": "",
            "instance_market_options": [],
            "instance_state": "running",
            "instance_type": "t2.medium",
            "ipv6_address_count": 0,
            "ipv6_addresses": [],
            "key_name": "k8s-key",
            "launch_template": [],
            "maintenance_options": [
              {
                "auto_recovery": "default"
              }
            ],
            "metadata_options": [
              {
                "http_endpoint": "enabled",
                "http_protocol_ipv6": "disabled",
                "http_put_response_hop_limit": 1,
                "http_tokens": "optional",
                "instance_metadata_tags": "disabled"
              }
            ],
            "monitoring": false,
            "network_interface": [],
            "outpost_arn": "",
            "password_data": "",
            "placement_group": "",
            "placement_partition_number": 0,
            "primary_network_interface_id": "eni-0c5865858cb2d471b",
            "private_dns": "ip-10-0-0-87.ec2.internal",
            "private_dns_name_options": [
              {
                "enable_resource_name_dns_a_record": false,
                "enable_resource_name_dns_aaaa_record": false,
                "hostname_type": "ip-name"
              }
            ],
            "private_ip": "10.0.0.87",
            "public_dns": "ec2-3-88-106-172.compute-1.amazonaws.com",
            "public_ip": "3.88.106.172",
            "root_block_device": [
              {
                "delete_on_termination": true,
                "device_name": "/dev/sda1",
                "encrypted": false,
                "iops": 100,
                "kms_key_id": "",
                "tags": {},
                "tags_all": {},
                "throughput": 0,
                "volume_id": "vol-053e4cd4df345789f",
                "volume_size": 8,
                "volume_type": "gp2"
              }
            ],
            "secondary_private_ips": [],
            "security_groups": [],
            "source_dest_check": true,
            "spot_instance_request_id": "",
            "subnet_id": "subnet-0633447073804d57d",
            "tags": {
              "Name": "Worker-1",
              "kubernetes.io/cluster/kubernetes": "owned"
            },
            "tags_all": {
              "Name": "Worker-1",
              "kubernetes.io/cluster/kubernetes": "owned"
            },
            "tenancy": "default",
            "timeouts": null,
            "user_data": null,
            "user_data_base64": null,
            "user_data_replace_on_change": false,
            "volume_tags": null,
            "vpc_security_group_ids": [
              "sg-05caeecd2b8d07613"
            ]
          },
          "sensitive_attributes": [],
          "private": "eyJlMmJmYjczMC1lY2FhLTExZTYtOGY4OC0zNDM2M2JjN2M0YzAiOnsiY3JlYXRlIjo2MDAwMDAwMDAwMDAsImRlbGV0ZSI6MTIwMDAwMDAwMDAwMCwicmVhZCI6OTAwMDAwMDAwMDAwLCJ1cGRhdGUiOjYwMDAwMDAwMDAwMH0sInNjaGVtYV92ZXJzaW9uIjoiMSJ9",
          "dependencies": [
            "aws_iam_instance_profile.k8s_master_profile1",
            "aws_iam_instance_profile.k8s_worker_profile1",
            "aws_iam_role.k8s_master_role2",
            "aws_iam_role.k8s_worker_role1",
            "aws_instance.k8s_master",
            "aws_key_pair.k8s_key_pair",
            "aws_security_group.k8s_sg",
            "aws_security_group.k8s_worker_sg",
            "aws_subnet.k8s_subnet",
            "aws_vpc.k8s_vpc",
            "data.aws_ami.ubuntu_22_04",
            "tls_private_key.k8s_ssh_key"
          ]
        }
      ]
    },
    {
      "mode": "managed",
      "type": "aws_instance",
      "name": "k8s_worker2",
      "provider": "provider[\"registry.terraform.io/hashicorp/aws\"]",
      "instances": [
        {
          "schema_version": 1,
          "attributes": {
            "ami": "ami-0655cec52acf2717b",
            "arn": "arn:aws:ec2:us-east-1:796315862850:instance/i-083f52fd41758c3f3",
            "associate_public_ip_address": true,
            "availability_zone": "us-east-1a",
            "capacity_reservation_specification": [
              {
                "capacity_reservation_preference": "open",
                "capacity_reservation_target": []
              }
            ],
            "cpu_core_count": 2,
            "cpu_options": [
              {
                "amd_sev_snp": "",
                "core_count": 2,
                "threads_per_core": 1
              }
            ],
            "cpu_threads_per_core": 1,
            "credit_specification": [
              {
                "cpu_credits": "standard"
              }
            ],
            "disable_api_stop": false,
            "disable_api_termination": false,
            "ebs_block_device": [],
            "ebs_optimized": false,
            "enable_primary_ipv6": null,
            "enclave_options": [
              {
                "enabled": false
              }
            ],
            "ephemeral_block_device": [],
            "get_password_data": false,
            "hibernation": false,
            "host_id": "",
            "host_resource_group_arn": null,
            "iam_instance_profile": "k8s-cluster-iam-worker-profile2",
            "id": "i-083f52fd41758c3f3",
            "instance_initiated_shutdown_behavior": "stop",
            "instance_lifecycle": "",
            "instance_market_options": [],
            "instance_state": "running",
            "instance_type": "t2.medium",
            "ipv6_address_count": 0,
            "ipv6_addresses": [],
            "key_name": "k8s-key",
            "launch_template": [],
            "maintenance_options": [
              {
                "auto_recovery": "default"
              }
            ],
            "metadata_options": [
              {
                "http_endpoint": "enabled",
                "http_protocol_ipv6": "disabled",
                "http_put_response_hop_limit": 1,
                "http_tokens": "optional",
                "instance_metadata_tags": "disabled"
              }
            ],
            "monitoring": false,
            "network_interface": [],
            "outpost_arn": "",
            "password_data": "",
            "placement_group": "",
            "placement_partition_number": 0,
            "primary_network_interface_id": "eni-0093baab0869da279",
            "private_dns": "ip-10-0-0-171.ec2.internal",
            "private_dns_name_options": [
              {
                "enable_resource_name_dns_a_record": false,
                "enable_resource_name_dns_aaaa_record": false,
                "hostname_type": "ip-name"
              }
            ],
            "private_ip": "10.0.0.171",
            "public_dns": "ec2-52-207-230-222.compute-1.amazonaws.com",
            "public_ip": "52.207.230.222",
            "root_block_device": [
              {
                "delete_on_termination": true,
                "device_name": "/dev/sda1",
                "encrypted": false,
                "iops": 100,
                "kms_key_id": "",
                "tags": {},
                "tags_all": {},
                "throughput": 0,
                "volume_id": "vol-0b981b3609e064821",
                "volume_size": 8,
                "volume_type": "gp2"
              }
            ],
            "secondary_private_ips": [],
            "security_groups": [],
            "source_dest_check": true,
            "spot_instance_request_id": "",
            "subnet_id": "subnet-0633447073804d57d",
            "tags": {
              "Name": "Worker-2",
              "kubernetes.io/cluster/kubernetes": "owned"
            },
            "tags_all": {
              "Name": "Worker-2",
              "kubernetes.io/cluster/kubernetes": "owned"
            },
            "tenancy": "default",
            "timeouts": null,
            "user_data": null,
            "user_data_base64": null,
            "user_data_replace_on_change": false,
            "volume_tags": null,
            "vpc_security_group_ids": [
              "sg-036edb66543a49f07"
            ]
          },
          "sensitive_attributes": [],
          "private": "eyJlMmJmYjczMC1lY2FhLTExZTYtOGY4OC0zNDM2M2JjN2M0YzAiOnsiY3JlYXRlIjo2MDAwMDAwMDAwMDAsImRlbGV0ZSI6MTIwMDAwMDAwMDAwMCwicmVhZCI6OTAwMDAwMDAwMDAwLCJ1cGRhdGUiOjYwMDAwMDAwMDAwMH0sInNjaGVtYV92ZXJzaW9uIjoiMSJ9",
          "dependencies": [
            "aws_iam_instance_profile.k8s_master_profile1",
            "aws_iam_instance_profile.k8s_worker_profile1",
            "aws_iam_instance_profile.k8s_worker_profile2",
            "aws_iam_role.k8s_master_role2",
            "aws_iam_role.k8s_worker_role1",
            "aws_iam_role.k8s_worker_role2",
            "aws_instance.k8s_master",
            "aws_instance.k8s_worker",
            "aws_key_pair.k8s_key_pair",
            "aws_security_group.k8s_sg",
            "aws_security_group.k8s_worker2_sg",
            "aws_security_group.k8s_worker_sg",
            "aws_subnet.k8s_subnet",
            "aws_vpc.k8s_vpc",
            "data.aws_ami.ubuntu_22_04",
            "tls_private_key.k8s_ssh_key"
          ]
        }
      ]
    },
    {
      "mode": "managed",
      "type": "aws_internet_gateway",
      "name": "k8s_igw",
      "provider": "provider[\"registry.terraform.io/hashicorp/aws\"]",
      "instances": [
        {
          "schema_version": 0,
          "attributes": {
            "arn": "arn:aws:ec2:us-east-1:796315862850:internet-gateway/igw-03b41b84699811681",
            "id": "igw-03b41b84699811681",
            "owner_id": "796315862850",
            "tags": {
              "Name": "K8s-cluster-igw",
              "kubernetes.io/cluster/kubernetes": "owned"
            },
            "tags_all": {
              "Name": "K8s-cluster-igw",
              "kubernetes.io/cluster/kubernetes": "owned"
            },
            "timeouts": null,
            "vpc_id": "vpc-0711ce00f7ede1c4e"
          },
          "sensitive_attributes": [],
          "private": "eyJlMmJmYjczMC1lY2FhLTExZTYtOGY4OC0zNDM2M2JjN2M0YzAiOnsiY3JlYXRlIjoxMjAwMDAwMDAwMDAwLCJkZWxldGUiOjEyMDAwMDAwMDAwMDAsInVwZGF0ZSI6MTIwMDAwMDAwMDAwMH19",
          "dependencies": [
            "aws_vpc.k8s_vpc"
          ]
        }
      ]
    },
    {
      "mode": "managed",
      "type": "aws_key_pair",
      "name": "k8s_key_pair",
      "provider": "provider[\"registry.terraform.io/hashicorp/aws\"]",
      "instances": [
        {
          "schema_version": 1,
          "attributes": {
            "arn": "arn:aws:ec2:us-east-1:796315862850:key-pair/k8s-key",
            "fingerprint": "eb:f2:54:2d:26:37:e4:e1:d9:cb:a8:e5:fc:a9:c1:84",
            "id": "k8s-key",
            "key_name": "k8s-key",
            "key_name_prefix": "",
            "key_pair_id": "key-0fd8b2bc26764ae52",
            "key_type": "rsa",
            "public_key": "ssh-rsa AAAAB3NzaC1yc2EAAAADAQABAAACAQDF9kCdw/e+yvUDMsSXNembslEjSpN3DOuzolVZ6R6MxYE4I9t1es7cmKXcgUjoi+vqv3M2wzqdosE5BKUc+CgFiX1c11SZRECnS6dzagQuOgIADsINc7XFa9hh50V7nWNYk1z+MekRz6PcHpwwcARsoPWcE/maT+YDa/6Ve3KDsEYzA6rvsNd7vxPfPucXqTv9WgCQMy++3x1aLFAlWMrkHVCiNr2Bei1JilKfJdM/B1by7TgNx3PMkJvbQ0G+vB7Y+SXfz/iXGa0kCotssJW4jDkOP2x5Fttwya/OeYhrIYZtE6rsCmk0NTcX3s3Q3NcGE3X501lqVm2doAgyxvPYsXw1pZGU72HkZaPq+4q+dqxMbPKlnFSQgMqjsd32jyWEdEYdVlVf9fCI/0HipmaYB/LJApH3qpv+D807RZfTloBghY/NgbE2SsBN40qS9OWXrMjcsFETnJF73Ta2EfP5yZrHqMM6tnQ9nu8stW5HZKWEOT2t227j0QI7ndV2wlOuSOcNyJnxO+vurvasHVQz4siteOTd8qqZdP2ddSZSA/trD+4sXrG1eZx6K2XwKF4fTMDNzUsYVeP/5NJYlckraISNj9qmSTC4dWL3yyLl0aXqqV/HPIJoBUFRTUIa27m1EudfG4hQLghmm+JvU9dPpYBh1gOd/RFA12ySYWk6DQ==",
            "tags": null,
            "tags_all": {}
          },
          "sensitive_attributes": [],
          "private": "eyJzY2hlbWFfdmVyc2lvbiI6IjEifQ==",
          "dependencies": [
            "tls_private_key.k8s_ssh_key"
          ]
        }
      ]
    },
    {
      "mode": "managed",
      "type": "aws_route",
      "name": "default_route",
      "provider": "provider[\"registry.terraform.io/hashicorp/aws\"]",
      "instances": [
        {
          "schema_version": 0,
          "attributes": {
            "carrier_gateway_id": "",
            "core_network_arn": "",
            "destination_cidr_block": "0.0.0.0/0",
            "destination_ipv6_cidr_block": "",
            "destination_prefix_list_id": "",
            "egress_only_gateway_id": "",
            "gateway_id": "igw-03b41b84699811681",
            "id": "r-rtb-0d5aa1a957053be8f1080289494",
            "instance_id": "",
            "instance_owner_id": "",
            "local_gateway_id": "",
            "nat_gateway_id": "",
            "network_interface_id": "",
            "origin": "CreateRoute",
            "route_table_id": "rtb-0d5aa1a957053be8f",
            "state": "active",
            "timeouts": null,
            "transit_gateway_id": "",
            "vpc_endpoint_id": "",
            "vpc_peering_connection_id": ""
          },
          "sensitive_attributes": [],
          "private": "eyJlMmJmYjczMC1lY2FhLTExZTYtOGY4OC0zNDM2M2JjN2M0YzAiOnsiY3JlYXRlIjozMDAwMDAwMDAwMDAsImRlbGV0ZSI6MzAwMDAwMDAwMDAwLCJ1cGRhdGUiOjEyMDAwMDAwMDAwMH19",
          "dependencies": [
            "aws_internet_gateway.k8s_igw",
            "aws_route_table.k8s_route_table",
            "aws_vpc.k8s_vpc"
          ]
        }
      ]
    },
    {
      "mode": "managed",
      "type": "aws_route_table",
      "name": "k8s_route_table",
      "provider": "provider[\"registry.terraform.io/hashicorp/aws\"]",
      "instances": [
        {
          "schema_version": 0,
          "attributes": {
            "arn": "arn:aws:ec2:us-east-1:796315862850:route-table/rtb-0d5aa1a957053be8f",
            "id": "rtb-0d5aa1a957053be8f",
            "owner_id": "796315862850",
            "propagating_vgws": [],
            "route": [],
            "tags": {
              "Name": "K8s-cluster-rtb",
              "kubernetes.io/cluster/kubernetes": "owned"
            },
            "tags_all": {
              "Name": "K8s-cluster-rtb",
              "kubernetes.io/cluster/kubernetes": "owned"
            },
            "timeouts": null,
            "vpc_id": "vpc-0711ce00f7ede1c4e"
          },
          "sensitive_attributes": [],
          "private": "eyJlMmJmYjczMC1lY2FhLTExZTYtOGY4OC0zNDM2M2JjN2M0YzAiOnsiY3JlYXRlIjozMDAwMDAwMDAwMDAsImRlbGV0ZSI6MzAwMDAwMDAwMDAwLCJ1cGRhdGUiOjEyMDAwMDAwMDAwMH19",
          "dependencies": [
            "aws_vpc.k8s_vpc"
          ]
        }
      ]
    },
    {
      "mode": "managed",
      "type": "aws_route_table_association",
      "name": "k8s_rta",
      "provider": "provider[\"registry.terraform.io/hashicorp/aws\"]",
      "instances": [
        {
          "schema_version": 0,
          "attributes": {
            "gateway_id": "",
            "id": "rtbassoc-05ca91b062d190fd5",
            "route_table_id": "rtb-0d5aa1a957053be8f",
            "subnet_id": "subnet-0633447073804d57d",
            "timeouts": null
          },
          "sensitive_attributes": [],
          "private": "eyJlMmJmYjczMC1lY2FhLTExZTYtOGY4OC0zNDM2M2JjN2M0YzAiOnsiY3JlYXRlIjozMDAwMDAwMDAwMDAsImRlbGV0ZSI6MzAwMDAwMDAwMDAwLCJ1cGRhdGUiOjEyMDAwMDAwMDAwMH19",
          "dependencies": [
            "aws_route_table.k8s_route_table",
            "aws_subnet.k8s_subnet",
            "aws_vpc.k8s_vpc"
          ]
        }
      ]
    },
    {
      "mode": "managed",
      "type": "aws_security_group",
      "name": "k8s_sg",
      "provider": "provider[\"registry.terraform.io/hashicorp/aws\"]",
      "instances": [
        {
          "schema_version": 1,
          "attributes": {
            "arn": "arn:aws:ec2:us-east-1:796315862850:security-group/sg-0b03033df008b5869",
            "description": "Security Group for Kubernetes Master Node",
            "egress": [
              {
                "cidr_blocks": [
                  "0.0.0.0/0"
                ],
                "description": "",
                "from_port": 0,
                "ipv6_cidr_blocks": [],
                "prefix_list_ids": [],
                "protocol": "-1",
                "security_groups": [],
                "self": false,
                "to_port": 0
              }
            ],
            "id": "sg-0b03033df008b5869",
            "ingress": [
              {
                "cidr_blocks": [
                  "0.0.0.0/0"
                ],
                "description": "Allow HTTP",
                "from_port": 80,
                "ipv6_cidr_blocks": [],
                "prefix_list_ids": [],
                "protocol": "tcp",
                "security_groups": [],
                "self": false,
                "to_port": 80
              },
              {
                "cidr_blocks": [
                  "0.0.0.0/0"
                ],
                "description": "Allow HTTPS",
                "from_port": 443,
                "ipv6_cidr_blocks": [],
                "prefix_list_ids": [],
                "protocol": "tcp",
                "security_groups": [],
                "self": false,
                "to_port": 443
              },
              {
                "cidr_blocks": [
                  "0.0.0.0/0"
                ],
                "description": "Controller",
                "from_port": 10257,
                "ipv6_cidr_blocks": [],
                "prefix_list_ids": [],
                "protocol": "tcp",
                "security_groups": [],
                "self": false,
                "to_port": 10257
              },
              {
                "cidr_blocks": [
                  "0.0.0.0/0"
                ],
                "description": "Kubelet API",
                "from_port": 10250,
                "ipv6_cidr_blocks": [],
                "prefix_list_ids": [],
                "protocol": "tcp",
                "security_groups": [],
                "self": false,
                "to_port": 10250
              },
              {
                "cidr_blocks": [
                  "0.0.0.0/0"
                ],
                "description": "Kubernetes API Server",
                "from_port": 6443,
                "ipv6_cidr_blocks": [],
                "prefix_list_ids": [],
                "protocol": "tcp",
                "security_groups": [],
                "self": false,
                "to_port": 6443
              },
              {
                "cidr_blocks": [
                  "0.0.0.0/0"
                ],
                "description": "Read-Only Kubelet API",
                "from_port": 10255,
                "ipv6_cidr_blocks": [],
                "prefix_list_ids": [],
                "protocol": "tcp",
                "security_groups": [],
                "self": false,
                "to_port": 10255
              },
              {
                "cidr_blocks": [
                  "0.0.0.0/0"
                ],
                "description": "SSH",
                "from_port": 22,
                "ipv6_cidr_blocks": [],
                "prefix_list_ids": [],
                "protocol": "tcp",
                "security_groups": [],
                "self": false,
                "to_port": 22
              },
              {
                "cidr_blocks": [
                  "0.0.0.0/0"
                ],
                "description": "Schedular",
                "from_port": 10259,
                "ipv6_cidr_blocks": [],
                "prefix_list_ids": [],
                "protocol": "tcp",
                "security_groups": [],
                "self": false,
                "to_port": 10259
              },
              {
                "cidr_blocks": [
                  "0.0.0.0/0"
                ],
                "description": "etcd server client API",
                "from_port": 2379,
                "ipv6_cidr_blocks": [],
                "prefix_list_ids": [],
                "protocol": "tcp",
                "security_groups": [],
                "self": false,
                "to_port": 2380
              },
              {
                "cidr_blocks": [
                  "0.0.0.0/0"
                ],
                "description": "kube-controller-manager",
                "from_port": 10252,
                "ipv6_cidr_blocks": [],
                "prefix_list_ids": [],
                "protocol": "tcp",
                "security_groups": [],
                "self": false,
                "to_port": 10252
              },
              {
                "cidr_blocks": [
                  "0.0.0.0/0"
                ],
                "description": "kube-scheduler",
                "from_port": 10251,
                "ipv6_cidr_blocks": [],
                "prefix_list_ids": [],
                "protocol": "tcp",
                "security_groups": [],
                "self": false,
                "to_port": 10251
              },
              {
                "cidr_blocks": [
                  "10.0.0.0/16"
                ],
                "description": "VPC Internal",
                "from_port": 0,
                "ipv6_cidr_blocks": [],
                "prefix_list_ids": [],
                "protocol": "tcp",
                "security_groups": [],
                "self": false,
                "to_port": 65535
              }
            ],
            "name": "k8s-master-sg",
            "name_prefix": "",
            "owner_id": "796315862850",
            "revoke_rules_on_delete": false,
            "tags": {
              "Name": "k8s-master-sg"
            },
            "tags_all": {
              "Name": "k8s-master-sg"
            },
            "timeouts": null,
            "vpc_id": "vpc-0711ce00f7ede1c4e"
          },
          "sensitive_attributes": [],
          "private": "eyJlMmJmYjczMC1lY2FhLTExZTYtOGY4OC0zNDM2M2JjN2M0YzAiOnsiY3JlYXRlIjo2MDAwMDAwMDAwMDAsImRlbGV0ZSI6OTAwMDAwMDAwMDAwfSwic2NoZW1hX3ZlcnNpb24iOiIxIn0=",
          "dependencies": [
            "aws_vpc.k8s_vpc"
          ]
        }
      ]
    },
    {
      "mode": "managed",
      "type": "aws_security_group",
      "name": "k8s_worker2_sg",
      "provider": "provider[\"registry.terraform.io/hashicorp/aws\"]",
      "instances": [
        {
          "schema_version": 1,
          "attributes": {
            "arn": "arn:aws:ec2:us-east-1:796315862850:security-group/sg-036edb66543a49f07",
            "description": "Security Group for Kubernetes Worker Node2",
            "egress": [
              {
                "cidr_blocks": [
                  "0.0.0.0/0"
                ],
                "description": "Allow all outbound",
                "from_port": 0,
                "ipv6_cidr_blocks": [],
                "prefix_list_ids": [],
                "protocol": "-1",
                "security_groups": [],
                "self": false,
                "to_port": 0
              }
            ],
            "id": "sg-036edb66543a49f07",
            "ingress": [
              {
                "cidr_blocks": [
                  "0.0.0.0/0"
                ],
                "description": "Kubelet API",
                "from_port": 10250,
                "ipv6_cidr_blocks": [],
                "prefix_list_ids": [],
                "protocol": "tcp",
                "security_groups": [],
                "self": false,
                "to_port": 10250
              },
              {
                "cidr_blocks": [
                  "0.0.0.0/0"
                ],
                "description": "NodePort Services",
                "from_port": 30000,
                "ipv6_cidr_blocks": [],
                "prefix_list_ids": [],
                "protocol": "tcp",
                "security_groups": [],
                "self": false,
                "to_port": 32767
              },
              {
                "cidr_blocks": [
                  "0.0.0.0/0"
                ],
                "description": "Protocol HTTP",
                "from_port": 80,
                "ipv6_cidr_blocks": [],
                "prefix_list_ids": [],
                "protocol": "tcp",
                "security_groups": [],
                "self": false,
                "to_port": 80
              },
              {
                "cidr_blocks": [
                  "0.0.0.0/0"
                ],
                "description": "Protocol HTTPS",
                "from_port": 443,
                "ipv6_cidr_blocks": [],
                "prefix_list_ids": [],
                "protocol": "tcp",
                "security_groups": [],
                "self": false,
                "to_port": 443
              },
              {
                "cidr_blocks": [
                  "0.0.0.0/0"
                ],
                "description": "Read-Only Kubelet API",
                "from_port": 10255,
                "ipv6_cidr_blocks": [],
                "prefix_list_ids": [],
                "protocol": "tcp",
                "security_groups": [],
                "self": false,
                "to_port": 10255
              },
              {
                "cidr_blocks": [
                  "0.0.0.0/0"
                ],
                "description": "SSH",
                "from_port": 22,
                "ipv6_cidr_blocks": [],
                "prefix_list_ids": [],
                "protocol": "tcp",
                "security_groups": [],
                "self": false,
                "to_port": 22
              },
              {
                "cidr_blocks": [
                  "10.0.0.0/16"
                ],
                "description": "VPC Subnet",
                "from_port": 0,
                "ipv6_cidr_blocks": [],
                "prefix_list_ids": [],
                "protocol": "tcp",
                "security_groups": [],
                "self": false,
                "to_port": 65535
              }
            ],
            "name": "k8s-worker2-sg",
            "name_prefix": "",
            "owner_id": "796315862850",
            "revoke_rules_on_delete": false,
            "tags": {
              "Name": "k8s-worker-sg"
            },
            "tags_all": {
              "Name": "k8s-worker-sg"
            },
            "timeouts": null,
            "vpc_id": "vpc-0711ce00f7ede1c4e"
          },
          "sensitive_attributes": [],
          "private": "eyJlMmJmYjczMC1lY2FhLTExZTYtOGY4OC0zNDM2M2JjN2M0YzAiOnsiY3JlYXRlIjo2MDAwMDAwMDAwMDAsImRlbGV0ZSI6OTAwMDAwMDAwMDAwfSwic2NoZW1hX3ZlcnNpb24iOiIxIn0=",
          "dependencies": [
            "aws_vpc.k8s_vpc"
          ]
        }
      ]
    },
    {
      "mode": "managed",
      "type": "aws_security_group",
      "name": "k8s_worker_sg",
      "provider": "provider[\"registry.terraform.io/hashicorp/aws\"]",
      "instances": [
        {
          "schema_version": 1,
          "attributes": {
            "arn": "arn:aws:ec2:us-east-1:796315862850:security-group/sg-05caeecd2b8d07613",
            "description": "Security Group for Kubernetes Worker Node",
            "egress": [
              {
                "cidr_blocks": [
                  "0.0.0.0/0"
                ],
                "description": "Allow all outbound",
                "from_port": 0,
                "ipv6_cidr_blocks": [],
                "prefix_list_ids": [],
                "protocol": "-1",
                "security_groups": [],
                "self": false,
                "to_port": 0
              }
            ],
            "id": "sg-05caeecd2b8d07613",
            "ingress": [
              {
                "cidr_blocks": [
                  "0.0.0.0/0"
                ],
                "description": "Kubelet API",
                "from_port": 10250,
                "ipv6_cidr_blocks": [],
                "prefix_list_ids": [],
                "protocol": "tcp",
                "security_groups": [],
                "self": false,
                "to_port": 10250
              },
              {
                "cidr_blocks": [
                  "0.0.0.0/0"
                ],
                "description": "NodePort Services",
                "from_port": 30000,
                "ipv6_cidr_blocks": [],
                "prefix_list_ids": [],
                "protocol": "tcp",
                "security_groups": [],
                "self": false,
                "to_port": 32767
              },
              {
                "cidr_blocks": [
                  "0.0.0.0/0"
                ],
                "description": "Protocol HTTP",
                "from_port": 80,
                "ipv6_cidr_blocks": [],
                "prefix_list_ids": [],
                "protocol": "tcp",
                "security_groups": [],
                "self": false,
                "to_port": 80
              },
              {
                "cidr_blocks": [
                  "0.0.0.0/0"
                ],
                "description": "Protocol HTTPS",
                "from_port": 443,
                "ipv6_cidr_blocks": [],
                "prefix_list_ids": [],
                "protocol": "tcp",
                "security_groups": [],
                "self": false,
                "to_port": 443
              },
              {
                "cidr_blocks": [
                  "0.0.0.0/0"
                ],
                "description": "Read-Only Kubelet API",
                "from_port": 10255,
                "ipv6_cidr_blocks": [],
                "prefix_list_ids": [],
                "protocol": "tcp",
                "security_groups": [],
                "self": false,
                "to_port": 10255
              },
              {
                "cidr_blocks": [
                  "0.0.0.0/0"
                ],
                "description": "SSH",
                "from_port": 22,
                "ipv6_cidr_blocks": [],
                "prefix_list_ids": [],
                "protocol": "tcp",
                "security_groups": [],
                "self": false,
                "to_port": 22
              },
              {
                "cidr_blocks": [
                  "10.0.0.0/16"
                ],
                "description": "VPC Subnet",
                "from_port": 0,
                "ipv6_cidr_blocks": [],
                "prefix_list_ids": [],
                "protocol": "tcp",
                "security_groups": [],
                "self": false,
                "to_port": 65535
              }
            ],
            "name": "k8s-worker-sg",
            "name_prefix": "",
            "owner_id": "796315862850",
            "revoke_rules_on_delete": false,
            "tags": {
              "Name": "k8s-worker-sg"
            },
            "tags_all": {
              "Name": "k8s-worker-sg"
            },
            "timeouts": null,
            "vpc_id": "vpc-0711ce00f7ede1c4e"
          },
          "sensitive_attributes": [],
          "private": "eyJlMmJmYjczMC1lY2FhLTExZTYtOGY4OC0zNDM2M2JjN2M0YzAiOnsiY3JlYXRlIjo2MDAwMDAwMDAwMDAsImRlbGV0ZSI6OTAwMDAwMDAwMDAwfSwic2NoZW1hX3ZlcnNpb24iOiIxIn0=",
          "dependencies": [
            "aws_vpc.k8s_vpc"
          ]
        }
      ]
    },
    {
      "mode": "managed",
      "type": "aws_subnet",
      "name": "k8s_subnet",
      "provider": "provider[\"registry.terraform.io/hashicorp/aws\"]",
      "instances": [
        {
          "schema_version": 1,
          "attributes": {
            "arn": "arn:aws:ec2:us-east-1:796315862850:subnet/subnet-0633447073804d57d",
            "assign_ipv6_address_on_creation": false,
            "availability_zone": "us-east-1a",
            "availability_zone_id": "use1-az4",
            "cidr_block": "10.0.0.0/24",
            "customer_owned_ipv4_pool": "",
            "enable_dns64": false,
            "enable_lni_at_device_index": 0,
            "enable_resource_name_dns_a_record_on_launch": false,
            "enable_resource_name_dns_aaaa_record_on_launch": false,
            "id": "subnet-0633447073804d57d",
            "ipv6_cidr_block": "",
            "ipv6_cidr_block_association_id": "",
            "ipv6_native": false,
            "map_customer_owned_ip_on_launch": false,
            "map_public_ip_on_launch": true,
            "outpost_arn": "",
            "owner_id": "796315862850",
            "private_dns_hostname_type_on_launch": "ip-name",
            "tags": {
              "Name": "K8s-cluster-net",
              "kubernetes.io/cluster/kubernetes": "owned"
            },
            "tags_all": {
              "Name": "K8s-cluster-net",
              "kubernetes.io/cluster/kubernetes": "owned"
            },
            "timeouts": null,
            "vpc_id": "vpc-0711ce00f7ede1c4e"
          },
          "sensitive_attributes": [],
          "private": "eyJlMmJmYjczMC1lY2FhLTExZTYtOGY4OC0zNDM2M2JjN2M0YzAiOnsiY3JlYXRlIjo2MDAwMDAwMDAwMDAsImRlbGV0ZSI6MTIwMDAwMDAwMDAwMH0sInNjaGVtYV92ZXJzaW9uIjoiMSJ9",
          "dependencies": [
            "aws_vpc.k8s_vpc"
          ]
        }
      ]
    },
    {
      "mode": "managed",
      "type": "aws_vpc",
      "name": "k8s_vpc",
      "provider": "provider[\"registry.terraform.io/hashicorp/aws\"]",
      "instances": [
        {
          "schema_version": 1,
          "attributes": {
            "arn": "arn:aws:ec2:us-east-1:796315862850:vpc/vpc-0711ce00f7ede1c4e",
            "assign_generated_ipv6_cidr_block": false,
            "cidr_block": "10.0.0.0/16",
            "default_network_acl_id": "acl-034747a32c002fce1",
            "default_route_table_id": "rtb-0aca8818c3517aa2e",
            "default_security_group_id": "sg-00ee8a13fc4f5fd8c",
            "dhcp_options_id": "dopt-0b5a36737e325a7a0",
            "enable_dns_hostnames": true,
            "enable_dns_support": true,
            "enable_network_address_usage_metrics": false,
            "id": "vpc-0711ce00f7ede1c4e",
            "instance_tenancy": "default",
            "ipv4_ipam_pool_id": null,
            "ipv4_netmask_length": null,
            "ipv6_association_id": "",
            "ipv6_cidr_block": "",
            "ipv6_cidr_block_network_border_group": "",
            "ipv6_ipam_pool_id": "",
            "ipv6_netmask_length": 0,
            "main_route_table_id": "rtb-0aca8818c3517aa2e",
            "owner_id": "796315862850",
            "tags": {
              "Name": "K8s-cluster-vpc",
              "kubernetes.io/cluster/kubernetes": "owned"
            },
            "tags_all": {
              "Name": "K8s-cluster-vpc",
              "kubernetes.io/cluster/kubernetes": "owned"
            }
          },
          "sensitive_attributes": [],
          "private": "eyJzY2hlbWFfdmVyc2lvbiI6IjEifQ=="
        }
      ]
    },
    {
      "mode": "managed",
      "type": "null_resource",
      "name": "copy_join_script_to_worker",
      "provider": "provider[\"registry.terraform.io/hashicorp/null\"]",
      "instances": [
        {
          "schema_version": 0,
          "attributes": {
            "id": "4580016779146865452",
            "triggers": null
          },
          "sensitive_attributes": [],
          "dependencies": [
            "aws_iam_instance_profile.k8s_master_profile1",
            "aws_iam_instance_profile.k8s_worker_profile1",
            "aws_iam_role.k8s_master_role2",
            "aws_iam_role.k8s_worker_role1",
            "aws_instance.k8s_master",
            "aws_instance.k8s_worker",
            "aws_key_pair.k8s_key_pair",
            "aws_security_group.k8s_sg",
            "aws_security_group.k8s_worker_sg",
            "aws_subnet.k8s_subnet",
            "aws_vpc.k8s_vpc",
            "data.aws_ami.ubuntu_22_04",
            "tls_private_key.k8s_ssh_key"
          ]
        }
      ]
    },
    {
      "mode": "managed",
      "type": "null_resource",
      "name": "copy_join_script_to_worker2",
      "provider": "provider[\"registry.terraform.io/hashicorp/null\"]",
      "instances": [
        {
          "schema_version": 0,
          "attributes": {
            "id": "5111592473438573593",
            "triggers": null
          },
          "sensitive_attributes": [],
          "dependencies": [
            "aws_iam_instance_profile.k8s_master_profile1",
            "aws_iam_instance_profile.k8s_worker_profile1",
            "aws_iam_instance_profile.k8s_worker_profile2",
            "aws_iam_role.k8s_master_role2",
            "aws_iam_role.k8s_worker_role1",
            "aws_iam_role.k8s_worker_role2",
            "aws_instance.k8s_master",
            "aws_instance.k8s_worker",
            "aws_instance.k8s_worker2",
            "aws_key_pair.k8s_key_pair",
            "aws_security_group.k8s_sg",
            "aws_security_group.k8s_worker2_sg",
            "aws_security_group.k8s_worker_sg",
            "aws_subnet.k8s_subnet",
            "aws_vpc.k8s_vpc",
            "data.aws_ami.ubuntu_22_04",
            "tls_private_key.k8s_ssh_key"
          ]
        }
      ]
    },
    {
      "mode": "managed",
      "type": "null_resource",
      "name": "init_worker",
      "provider": "provider[\"registry.terraform.io/hashicorp/null\"]",
      "instances": [
        {
          "schema_version": 0,
          "attributes": {
            "id": "7544198368222564508",
            "triggers": null
          },
          "sensitive_attributes": [],
          "dependencies": [
            "aws_iam_instance_profile.k8s_master_profile1",
            "aws_iam_instance_profile.k8s_worker_profile1",
            "aws_iam_role.k8s_master_role2",
            "aws_iam_role.k8s_worker_role1",
            "aws_instance.k8s_master",
            "aws_instance.k8s_worker",
            "aws_key_pair.k8s_key_pair",
            "aws_security_group.k8s_sg",
            "aws_security_group.k8s_worker_sg",
            "aws_subnet.k8s_subnet",
            "aws_vpc.k8s_vpc",
            "data.aws_ami.ubuntu_22_04",
            "null_resource.copy_join_script_to_worker",
            "tls_private_key.k8s_ssh_key"
          ]
        }
      ]
    },
    {
      "mode": "managed",
      "type": "null_resource",
      "name": "init_worker2",
      "provider": "provider[\"registry.terraform.io/hashicorp/null\"]",
      "instances": [
        {
          "schema_version": 0,
          "attributes": {
            "id": "8895601201106779357",
            "triggers": null
          },
          "sensitive_attributes": [],
          "dependencies": [
            "aws_iam_instance_profile.k8s_master_profile1",
            "aws_iam_instance_profile.k8s_worker_profile1",
            "aws_iam_instance_profile.k8s_worker_profile2",
            "aws_iam_role.k8s_master_role2",
            "aws_iam_role.k8s_worker_role1",
            "aws_iam_role.k8s_worker_role2",
            "aws_instance.k8s_master",
            "aws_instance.k8s_worker",
            "aws_instance.k8s_worker2",
            "aws_key_pair.k8s_key_pair",
            "aws_security_group.k8s_sg",
            "aws_security_group.k8s_worker2_sg",
            "aws_security_group.k8s_worker_sg",
            "aws_subnet.k8s_subnet",
            "aws_vpc.k8s_vpc",
            "data.aws_ami.ubuntu_22_04",
            "null_resource.copy_join_script_to_worker2",
            "tls_private_key.k8s_ssh_key"
          ]
        }
      ]
    },
    {
      "mode": "managed",
      "type": "tls_private_key",
      "name": "k8s_ssh_key",
      "provider": "provider[\"registry.terraform.io/hashicorp/tls\"]",
      "instances": [
        {
          "schema_version": 1,
          "attributes": {
            "algorithm": "RSA",
            "ecdsa_curve": "P224",
            "id": "b840bbb4e17256cbcb91f7ddc0b112c4d73093c8",
            "private_key_openssh": "-----BEGIN OPENSSH PRIVATE KEY-----\nb3BlbnNzaC1rZXktdjEAAAAABG5vbmUAAAAEbm9uZQAAAAAAAAABAAACFwAAAAdz\nc2gtcnNhAAAAAwEAAQAAAgEAxfZAncP3vsr1AzLElzXpm7JRI0qTdwzrs6JVWeke\njMWBOCPbdXrO3Jil3IFI6Ivr6r9zNsM6naLBOQSlHPgoBYl9XNdUmURAp0unc2oE\nLjoCAA7CDXO1xWvYYedFe51jWJNc/jHpEc+j3B6cMHAEbKD1nBP5mk/mA2v+lXty\ng7BGMwOq77DXe78T3z7nF6k7/VoAkDMvvt8dWixQJVjK5B1Qoja9gXotSYpSnyXT\nPwdW8u04DcdzzJCb20NBvrwe2Pkl38/4lxmtJAqLbLCVuIw5Dj9seRbbcMmvznmI\nayGGbROq7AppNDU3F97N0NzXBhN1+dNZalZtnaAIMsbz2LF8NaWRlO9h5GWj6vuK\nvnasTGzypZxUkIDKo7Hd9o8lhHRGHVZVX/XwiP9B4qZmmAfyyQKR96qb/g/NO0WX\n05aAYIWPzYGxNkrATeNKkvTll6zI3LBRE5yRe902thHz+cmax6jDOrZ0PZ7vLLVu\nR2SlhDk9rdtu49ECO53VdsJTrkjnDciZ8Tvr7q72rB1UM+LIrXjk3fKqmXT9nXUm\nUgP7aw/uLF6xtXmceitl8CheH0zAzc1LGFXj/+TSWJXJK2iEjY/apkkwuHVi98si\n5dGl6qlfxzyCaAVBUU1CGtu5tRLnXxuIUC4IZpvib1PXT6WAYdYDnf0RQNdskmFp\nOg0AAAc4nmTWuJ5k1rgAAAAHc3NoLXJzYQAAAgEAxfZAncP3vsr1AzLElzXpm7JR\nI0qTdwzrs6JVWekejMWBOCPbdXrO3Jil3IFI6Ivr6r9zNsM6naLBOQSlHPgoBYl9\nXNdUmURAp0unc2oELjoCAA7CDXO1xWvYYedFe51jWJNc/jHpEc+j3B6cMHAEbKD1\nnBP5mk/mA2v+lXtyg7BGMwOq77DXe78T3z7nF6k7/VoAkDMvvt8dWixQJVjK5B1Q\noja9gXotSYpSnyXTPwdW8u04DcdzzJCb20NBvrwe2Pkl38/4lxmtJAqLbLCVuIw5\nDj9seRbbcMmvznmIayGGbROq7AppNDU3F97N0NzXBhN1+dNZalZtnaAIMsbz2LF8\nNaWRlO9h5GWj6vuKvnasTGzypZxUkIDKo7Hd9o8lhHRGHVZVX/XwiP9B4qZmmAfy\nyQKR96qb/g/NO0WX05aAYIWPzYGxNkrATeNKkvTll6zI3LBRE5yRe902thHz+cma\nx6jDOrZ0PZ7vLLVuR2SlhDk9rdtu49ECO53VdsJTrkjnDciZ8Tvr7q72rB1UM+LI\nrXjk3fKqmXT9nXUmUgP7aw/uLF6xtXmceitl8CheH0zAzc1LGFXj/+TSWJXJK2iE\njY/apkkwuHVi98si5dGl6qlfxzyCaAVBUU1CGtu5tRLnXxuIUC4IZpvib1PXT6WA\nYdYDnf0RQNdskmFpOg0AAAADAQABAAACAQCmxirxvqL9DacUprSQX08LaFKK1M0f\nQrdfgqc9M/QUzF9smGjOtEOJ/N/ewNxXbWm3Psslm5vKKc925b7khPvSjl4a1R3k\ncWe2iTntNaeH+j6tJcG963l7dLu630feOF31xVBWpl2gL7nwO6mB9R0FFyVT9FAX\n/K/euiCkdnenEd5SJAjiHa2sBvIK5cdyW5S6gBRxZ24V84ma6jIrBH8JZtkDj/Jf\nHjsA9ZNdmFQ7iUdrKQZMNXgNItbrBeJhecLTMDMENwVK5srCzk9fpfS8oQWAR1Zv\nPR5qCsAdxq1y8694PVWFvc+buClN5tql1ycfa028xp1RxLZcUPIXNR1AOTHccg7Y\nHQ/mq7drpH3bdOFv9tS//YkCcmOEliUlOre9OaYB1NhuGkwVqpSAeYIkw9HOkQuO\nTbl5qwSpNsT8JVxQq76gBO0Kwsimts1c2orU7rwNuwAfoY6VKBWWe87lguyhZ/eV\ntkjJUu1kPT4iEh52wi8zu9kvysJey5I7GPs9Z06csG2GfC016XL3oXbT6bhIJo54\nR27ITW6MRfm+KuTBY1VmwIYnbHjZ7Zv+GcgA/QvWD6rFbvN1oWf9SlkdLwiztBLC\nwshRMn6+A6CNosu5aWPo0uoDDyzi7sHxhPbcvS8ULd0EVMjc+f2u/kSH84ba5RDS\nDFPC2DWDRWDigQAAAQEA09T6NuX6YieJseclTo0cfJmFYR/piAlW2AvIfr1AIsjn\n8L8Y02xRRDbr+rIxvn/MyRcaGTC8NmskxALiWVP5Mc3WHzyDL3zTH/iUN7209nlo\namf+Zz0ngwIfPBCxv7K0sLdmjw+ZdbrTPeCQ73PCphXh5ZQuoi+VfvdPt9yNXGSW\nBYZA+mFJG2Bq0b7MsHq1CD3W8999g3M0uWVQPGLbSqIezWuTjFJtp7fHkkpf8Lrx\nRt3C4VOSIlZnfDlFo5bt+CLjFkVGF3kxuz/09NSgknB9gojIrtNk7Wk40ZGMh3Km\ncq4ydO816KYOYavmJOi8d7k3K2Xdz8CjiD/sbWqVQwAAAQEA8R9qJowOMIbxfWE2\ncYZBfRx1cNAYNSR8ZWgoLC53+CbF5ITJBJ295yL1Ft3dNBF8EnRcZwvAX0CgbDTr\nASSUa9veewwywXiRXC9ROgQTt1GUyME9JsC5RH/Kxs8jWe9LCIas4mUCZXLKsRDF\noE5SBVyatdphck/0zDTqHgDMnwlhJXHypTO+SkcBv9NuHG6Opg4UizT1uNh64z2O\nfG34ARelDLdkkut4GNTGKuv61/tdTrNfAj/QV21x4pfZl7iF7grAcrR1KLz6Ud+b\nDLv4szrSdpmkyIucpxLmeXWViqtimHy9UV/mzPHAAdRBWuzupBEGbRk4GyChMLiR\nkR0QFQAAAQEA0i0aj6SJHrRau8HiBBp8G+f9AR7ndIlrBQIeX31nHD+jt9HR3fm4\nQ50nC31SxulqpLrIXQMYCYkkTxXfos45KkUAav9LIcpd+RqFtI0pWetB4vfRuqX8\nFPm3gsda2YaYmdxjh+EwXqm5kymwA7LQe05vXJkANOhaOAlYx3jKW2uU4kQIDuUU\n+63t9d20pQrcvrQF7smsg+aPINMil27xcSxh6md0sqhveqIGDz/ME5R397lm4EHz\np3mX+5mNzOe3TRVSM4rLaNgZVpwLqkkY6RvcsgRGN2obzKVKtMQnqTAkuSkspPdY\ncBGUUe76vyBSKwDv+B2vBoFwp2y/y0oIGQAAAAAB\n-----END OPENSSH PRIVATE KEY-----\n",
            "private_key_pem": "-----BEGIN RSA PRIVATE KEY-----\nMIIJKQIBAAKCAgEAxfZAncP3vsr1AzLElzXpm7JRI0qTdwzrs6JVWekejMWBOCPb\ndXrO3Jil3IFI6Ivr6r9zNsM6naLBOQSlHPgoBYl9XNdUmURAp0unc2oELjoCAA7C\nDXO1xWvYYedFe51jWJNc/jHpEc+j3B6cMHAEbKD1nBP5mk/mA2v+lXtyg7BGMwOq\n77DXe78T3z7nF6k7/VoAkDMvvt8dWixQJVjK5B1Qoja9gXotSYpSnyXTPwdW8u04\nDcdzzJCb20NBvrwe2Pkl38/4lxmtJAqLbLCVuIw5Dj9seRbbcMmvznmIayGGbROq\n7AppNDU3F97N0NzXBhN1+dNZalZtnaAIMsbz2LF8NaWRlO9h5GWj6vuKvnasTGzy\npZxUkIDKo7Hd9o8lhHRGHVZVX/XwiP9B4qZmmAfyyQKR96qb/g/NO0WX05aAYIWP\nzYGxNkrATeNKkvTll6zI3LBRE5yRe902thHz+cmax6jDOrZ0PZ7vLLVuR2SlhDk9\nrdtu49ECO53VdsJTrkjnDciZ8Tvr7q72rB1UM+LIrXjk3fKqmXT9nXUmUgP7aw/u\nLF6xtXmceitl8CheH0zAzc1LGFXj/+TSWJXJK2iEjY/apkkwuHVi98si5dGl6qlf\nxzyCaAVBUU1CGtu5tRLnXxuIUC4IZpvib1PXT6WAYdYDnf0RQNdskmFpOg0CAwEA\nAQKCAgEApsYq8b6i/Q2nFKa0kF9PC2hSitTNH0K3X4KnPTP0FMxfbJhozrRDifzf\n3sDcV21ptz7LJZubyinPduW+5IT70o5eGtUd5HFntok57TWnh/o+rSXBvet5e3S7\nut9H3jhd9cVQVqZdoC+58DupgfUdBRclU/RQF/yv3rogpHZ3pxHeUiQI4h2trAby\nCuXHcluUuoAUcWduFfOJmuoyKwR/CWbZA4/yXx47APWTXZhUO4lHaykGTDV4DSLW\n6wXiYXnC0zAzBDcFSubKws5PX6X0vKEFgEdWbz0eagrAHcatcvOveD1Vhb3Pm7gp\nTebapdcnH2tNvMadUcS2XFDyFzUdQDkx3HIO2B0P5qu3a6R923Thb/bUv/2JAnJj\nhJYlJTq3vTmmAdTYbhpMFaqUgHmCJMPRzpELjk25easEqTbE/CVcUKu+oATtCsLI\nprbNXNqK1O68DbsAH6GOlSgVlnvO5YLsoWf3lbZIyVLtZD0+IhIedsIvM7vZL8rC\nXsuSOxj7PWdOnLBthnwtNely96F20+m4SCaOeEduyE1ujEX5virkwWNVZsCGJ2x4\n2e2b/hnIAP0L1g+qxW7zdaFn/UpZHS8Is7QSwsLIUTJ+vgOgjaLLuWlj6NLqAw8s\n4u7B8YT23L0vFC3dBFTI3Pn9rv5Eh/OG2uUQ0gxTwtg1g0Vg4oECggEBAPEfaiaM\nDjCG8X1hNnGGQX0cdXDQGDUkfGVoKCwud/gmxeSEyQSdveci9Rbd3TQRfBJ0XGcL\nwF9AoGw06wEklGvb3nsMMsF4kVwvUToEE7dRlMjBPSbAuUR/ysbPI1nvSwiGrOJl\nAmVyyrEQxaBOUgVcmrXaYXJP9Mw06h4AzJ8JYSVx8qUzvkpHAb/TbhxujqYOFIs0\n9bjYeuM9jnxt+AEXpQy3ZJLreBjUxirr+tf7XU6zXwI/0FdtceKX2Ze4he4KwHK0\ndSi8+lHfmwy7+LM60naZpMiLnKcS5nl1lYqrYph8vVFf5szxwAHUQVrs7qQRBm0Z\nOBsgoTC4kZEdEBUCggEBANItGo+kiR60WrvB4gQafBvn/QEe53SJawUCHl99Zxw/\no7fR0d35uEOdJwt9UsbpaqS6yF0DGAmJJE8V36LOOSpFAGr/SyHKXfkahbSNKVnr\nQeL30bql/BT5t4LHWtmGmJncY4fhMF6puZMpsAOy0HtOb1yZADToWjgJWMd4yltr\nlOJECA7lFPut7fXdtKUK3L60Be7JrIPmjyDTIpdu8XEsYepndLKob3qiBg8/zBOU\nd/e5ZuBB86d5l/uZjcznt00VUjOKy2jYGVacC6pJGOkb3LIERjdqG8ylSrTEJ6kw\nJLkpLKT3WHARlFHu+r8gUisA7/gdrwaBcKdsv8tKCBkCggEAUnNVjvzRVVKvfRoi\nzcsE1c1Hc14VCQcC6oIlSoZRS6+md6/YNRXjfAf+GuWe4FEiRgU4G5xvGaM1uAqY\nWXmyrvcuKpFPQc0Cl60ub1I5k7P31nYNfRTlxUCVjEoEYppq4+15bKjxmtMX8Fg1\n280sSt0RoiGctMQWh0WI0N2hGrjQWUePm2IILcn+FSQtQNelO68Q41EmvSB5VP8V\nnALWjTkSnTiQ0ZRnKsaHROIQko5Hp8O6N0Cu81ZfXQZjx3e3hGB00kRW06lbR2fY\n0w/ryQ3SLe/34wOqe48A9IN6sUJNoqr06cCLYYVBDN8Rwg/Gwp93vRKkltIfjFNw\no1h2yQKCAQA08bG4L41vE6WrmHqT6AwNh5H/P0a034z69P6rtU5NGmbmfk9sqGRX\ne/YC+e3pN5Fqr7abX5UlicuAtJTiUSqrUDh7u5W0jGLBxoGZ6tlY0l+FikHlz7xB\nmGo24nsrQrGcSJ019G8X2Y9q19yEAf5soWSCIfSgX0uixA/+J5pqDx6xJMwW3HQ9\ntiG0hsXjsWnMDFNWRK1ViLXTYfxbw1HE3ZZI0wjdnHqAnOID42FIKWVTHPwiT9rN\n/F5hvduvm0tcept7amI1JgK0A5kYq1NAHYmpulPpz6vzEExSXvtSrlMB5bJeWASK\nLpN7VEUL8ltgg9rvWKLnc6HqOwXRcvO5AoIBAQDT1Po25fpiJ4mx5yVOjRx8mYVh\nH+mICVbYC8h+vUAiyOfwvxjTbFFENuv6sjG+f8zJFxoZMLw2ayTEAuJZU/kxzdYf\nPIMvfNMf+JQ3vbT2eWhqZ/5nPSeDAh88ELG/srSwt2aPD5l1utM94JDvc8KmFeHl\nlC6iL5V+90+33I1cZJYFhkD6YUkbYGrRvsywerUIPdbz332DczS5ZVA8YttKoh7N\na5OMUm2nt8eSSl/wuvFG3cLhU5IiVmd8OUWjlu34IuMWRUYXeTG7P/T01KCScH2C\niMiu02TtaTjRkYyHcqZyrjJ07zXopg5hq+Yk6Lx3uTcrZd3PwKOIP+xtapVD\n-----END RSA PRIVATE KEY-----\n",
            "private_key_pem_pkcs8": "-----BEGIN PRIVATE KEY-----\nMIIJQwIBADANBgkqhkiG9w0BAQEFAASCCS0wggkpAgEAAoICAQDF9kCdw/e+yvUD\nMsSXNembslEjSpN3DOuzolVZ6R6MxYE4I9t1es7cmKXcgUjoi+vqv3M2wzqdosE5\nBKUc+CgFiX1c11SZRECnS6dzagQuOgIADsINc7XFa9hh50V7nWNYk1z+MekRz6Pc\nHpwwcARsoPWcE/maT+YDa/6Ve3KDsEYzA6rvsNd7vxPfPucXqTv9WgCQMy++3x1a\nLFAlWMrkHVCiNr2Bei1JilKfJdM/B1by7TgNx3PMkJvbQ0G+vB7Y+SXfz/iXGa0k\nCotssJW4jDkOP2x5Fttwya/OeYhrIYZtE6rsCmk0NTcX3s3Q3NcGE3X501lqVm2d\noAgyxvPYsXw1pZGU72HkZaPq+4q+dqxMbPKlnFSQgMqjsd32jyWEdEYdVlVf9fCI\n/0HipmaYB/LJApH3qpv+D807RZfTloBghY/NgbE2SsBN40qS9OWXrMjcsFETnJF7\n3Ta2EfP5yZrHqMM6tnQ9nu8stW5HZKWEOT2t227j0QI7ndV2wlOuSOcNyJnxO+vu\nrvasHVQz4siteOTd8qqZdP2ddSZSA/trD+4sXrG1eZx6K2XwKF4fTMDNzUsYVeP/\n5NJYlckraISNj9qmSTC4dWL3yyLl0aXqqV/HPIJoBUFRTUIa27m1EudfG4hQLghm\nm+JvU9dPpYBh1gOd/RFA12ySYWk6DQIDAQABAoICAQCmxirxvqL9DacUprSQX08L\naFKK1M0fQrdfgqc9M/QUzF9smGjOtEOJ/N/ewNxXbWm3Psslm5vKKc925b7khPvS\njl4a1R3kcWe2iTntNaeH+j6tJcG963l7dLu630feOF31xVBWpl2gL7nwO6mB9R0F\nFyVT9FAX/K/euiCkdnenEd5SJAjiHa2sBvIK5cdyW5S6gBRxZ24V84ma6jIrBH8J\nZtkDj/JfHjsA9ZNdmFQ7iUdrKQZMNXgNItbrBeJhecLTMDMENwVK5srCzk9fpfS8\noQWAR1ZvPR5qCsAdxq1y8694PVWFvc+buClN5tql1ycfa028xp1RxLZcUPIXNR1A\nOTHccg7YHQ/mq7drpH3bdOFv9tS//YkCcmOEliUlOre9OaYB1NhuGkwVqpSAeYIk\nw9HOkQuOTbl5qwSpNsT8JVxQq76gBO0Kwsimts1c2orU7rwNuwAfoY6VKBWWe87l\nguyhZ/eVtkjJUu1kPT4iEh52wi8zu9kvysJey5I7GPs9Z06csG2GfC016XL3oXbT\n6bhIJo54R27ITW6MRfm+KuTBY1VmwIYnbHjZ7Zv+GcgA/QvWD6rFbvN1oWf9Slkd\nLwiztBLCwshRMn6+A6CNosu5aWPo0uoDDyzi7sHxhPbcvS8ULd0EVMjc+f2u/kSH\n84ba5RDSDFPC2DWDRWDigQKCAQEA8R9qJowOMIbxfWE2cYZBfRx1cNAYNSR8ZWgo\nLC53+CbF5ITJBJ295yL1Ft3dNBF8EnRcZwvAX0CgbDTrASSUa9veewwywXiRXC9R\nOgQTt1GUyME9JsC5RH/Kxs8jWe9LCIas4mUCZXLKsRDFoE5SBVyatdphck/0zDTq\nHgDMnwlhJXHypTO+SkcBv9NuHG6Opg4UizT1uNh64z2OfG34ARelDLdkkut4GNTG\nKuv61/tdTrNfAj/QV21x4pfZl7iF7grAcrR1KLz6Ud+bDLv4szrSdpmkyIucpxLm\neXWViqtimHy9UV/mzPHAAdRBWuzupBEGbRk4GyChMLiRkR0QFQKCAQEA0i0aj6SJ\nHrRau8HiBBp8G+f9AR7ndIlrBQIeX31nHD+jt9HR3fm4Q50nC31SxulqpLrIXQMY\nCYkkTxXfos45KkUAav9LIcpd+RqFtI0pWetB4vfRuqX8FPm3gsda2YaYmdxjh+Ew\nXqm5kymwA7LQe05vXJkANOhaOAlYx3jKW2uU4kQIDuUU+63t9d20pQrcvrQF7sms\ng+aPINMil27xcSxh6md0sqhveqIGDz/ME5R397lm4EHzp3mX+5mNzOe3TRVSM4rL\naNgZVpwLqkkY6RvcsgRGN2obzKVKtMQnqTAkuSkspPdYcBGUUe76vyBSKwDv+B2v\nBoFwp2y/y0oIGQKCAQBSc1WO/NFVUq99GiLNywTVzUdzXhUJBwLqgiVKhlFLr6Z3\nr9g1FeN8B/4a5Z7gUSJGBTgbnG8ZozW4CphZebKu9y4qkU9BzQKXrS5vUjmTs/fW\ndg19FOXFQJWMSgRimmrj7XlsqPGa0xfwWDXbzSxK3RGiIZy0xBaHRYjQ3aEauNBZ\nR4+bYggtyf4VJC1A16U7rxDjUSa9IHlU/xWcAtaNORKdOJDRlGcqxodE4hCSjken\nw7o3QK7zVl9dBmPHd7eEYHTSRFbTqVtHZ9jTD+vJDdIt7/fjA6p7jwD0g3qxQk2i\nqvTpwIthhUEM3xHCD8bCn3e9EqSW0h+MU3CjWHbJAoIBADTxsbgvjW8TpauYepPo\nDA2Hkf8/RrTfjPr0/qu1Tk0aZuZ+T2yoZFd79gL57ek3kWqvtptflSWJy4C0lOJR\nKqtQOHu7lbSMYsHGgZnq2VjSX4WKQeXPvEGYajbieytCsZxInTX0bxfZj2rX3IQB\n/myhZIIh9KBfS6LED/4nmmoPHrEkzBbcdD22IbSGxeOxacwMU1ZErVWItdNh/FvD\nUcTdlkjTCN2ceoCc4gPjYUgpZVMc/CJP2s38XmG926+bS1x6m3tqYjUmArQDmRir\nU0Adiam6U+nPq/MQTFJe+1KuUwHlsl5YBIouk3tURQvyW2CD2u9Youdzoeo7BdFy\n87kCggEBANPU+jbl+mInibHnJU6NHHyZhWEf6YgJVtgLyH69QCLI5/C/GNNsUUQ2\n6/qyMb5/zMkXGhkwvDZrJMQC4llT+THN1h88gy980x/4lDe9tPZ5aGpn/mc9J4MC\nHzwQsb+ytLC3Zo8PmXW60z3gkO9zwqYV4eWULqIvlX73T7fcjVxklgWGQPphSRtg\natG+zLB6tQg91vPffYNzNLllUDxi20qiHs1rk4xSbae3x5JKX/C68UbdwuFTkiJW\nZ3w5RaOW7fgi4xZFRhd5Mbs/9PTUoJJwfYKIyK7TZO1pONGRjIdypnKuMnTvNeim\nDmGr5iTovHe5Nytl3c/Ao4g/7G1qlUM=\n-----END PRIVATE KEY-----\n",
            "public_key_fingerprint_md5": "a0:77:92:72:fe:09:5a:8f:74:e1:69:c8:09:0d:01:98",
            "public_key_fingerprint_sha256": "SHA256:+gPB4j6kVFwerkOfpKnFN0eCHFVUjd1X7DnyUq8DLco",
            "public_key_openssh": "ssh-rsa AAAAB3NzaC1yc2EAAAADAQABAAACAQDF9kCdw/e+yvUDMsSXNembslEjSpN3DOuzolVZ6R6MxYE4I9t1es7cmKXcgUjoi+vqv3M2wzqdosE5BKUc+CgFiX1c11SZRECnS6dzagQuOgIADsINc7XFa9hh50V7nWNYk1z+MekRz6PcHpwwcARsoPWcE/maT+YDa/6Ve3KDsEYzA6rvsNd7vxPfPucXqTv9WgCQMy++3x1aLFAlWMrkHVCiNr2Bei1JilKfJdM/B1by7TgNx3PMkJvbQ0G+vB7Y+SXfz/iXGa0kCotssJW4jDkOP2x5Fttwya/OeYhrIYZtE6rsCmk0NTcX3s3Q3NcGE3X501lqVm2doAgyxvPYsXw1pZGU72HkZaPq+4q+dqxMbPKlnFSQgMqjsd32jyWEdEYdVlVf9fCI/0HipmaYB/LJApH3qpv+D807RZfTloBghY/NgbE2SsBN40qS9OWXrMjcsFETnJF73Ta2EfP5yZrHqMM6tnQ9nu8stW5HZKWEOT2t227j0QI7ndV2wlOuSOcNyJnxO+vurvasHVQz4siteOTd8qqZdP2ddSZSA/trD+4sXrG1eZx6K2XwKF4fTMDNzUsYVeP/5NJYlckraISNj9qmSTC4dWL3yyLl0aXqqV/HPIJoBUFRTUIa27m1EudfG4hQLghmm+JvU9dPpYBh1gOd/RFA12ySYWk6DQ==\n",
            "public_key_pem": "-----BEGIN PUBLIC KEY-----\nMIICIjANBgkqhkiG9w0BAQEFAAOCAg8AMIICCgKCAgEAxfZAncP3vsr1AzLElzXp\nm7JRI0qTdwzrs6JVWekejMWBOCPbdXrO3Jil3IFI6Ivr6r9zNsM6naLBOQSlHPgo\nBYl9XNdUmURAp0unc2oELjoCAA7CDXO1xWvYYedFe51jWJNc/jHpEc+j3B6cMHAE\nbKD1nBP5mk/mA2v+lXtyg7BGMwOq77DXe78T3z7nF6k7/VoAkDMvvt8dWixQJVjK\n5B1Qoja9gXotSYpSnyXTPwdW8u04DcdzzJCb20NBvrwe2Pkl38/4lxmtJAqLbLCV\nuIw5Dj9seRbbcMmvznmIayGGbROq7AppNDU3F97N0NzXBhN1+dNZalZtnaAIMsbz\n2LF8NaWRlO9h5GWj6vuKvnasTGzypZxUkIDKo7Hd9o8lhHRGHVZVX/XwiP9B4qZm\nmAfyyQKR96qb/g/NO0WX05aAYIWPzYGxNkrATeNKkvTll6zI3LBRE5yRe902thHz\n+cmax6jDOrZ0PZ7vLLVuR2SlhDk9rdtu49ECO53VdsJTrkjnDciZ8Tvr7q72rB1U\nM+LIrXjk3fKqmXT9nXUmUgP7aw/uLF6xtXmceitl8CheH0zAzc1LGFXj/+TSWJXJ\nK2iEjY/apkkwuHVi98si5dGl6qlfxzyCaAVBUU1CGtu5tRLnXxuIUC4IZpvib1PX\nT6WAYdYDnf0RQNdskmFpOg0CAwEAAQ==\n-----END PUBLIC KEY-----\n",
            "rsa_bits": 4096
          },
          "sensitive_attributes": [
            [
              {
                "type": "get_attr",
                "value": "private_key_pem_pkcs8"
              }
            ],
            [
              {
                "type": "get_attr",
                "value": "private_key_openssh"
              }
            ],
            [
              {
                "type": "get_attr",
                "value": "private_key_pem"
              }
            ]
          ]
        }
      ]
    }
  ],
  "check_results": null
}
